// !$*UTF8*$!
{
	archiveVersion = 1;
	classes = {
	};
	objectVersion = 46;
	objects = {

/* Begin PBXBuildFile section */
		3243DA7D1F3D8F070087BC3C /* Utilities.swift in Sources */ = {isa = PBXBuildFile; fileRef = 3243DA7C1F3D8F070087BC3C /* Utilities.swift */; };
		8C17D4DB1F36172E001A9ECC /* MKAnnotationView+WebCache.m in Sources */ = {isa = PBXBuildFile; fileRef = 8C17D4B41F36172E001A9ECC /* MKAnnotationView+WebCache.m */; };
		8C17D4DC1F36172E001A9ECC /* NSData+ImageContentType.m in Sources */ = {isa = PBXBuildFile; fileRef = 8C17D4B61F36172E001A9ECC /* NSData+ImageContentType.m */; };
		8C17D4DD1F36172E001A9ECC /* NSImage+WebCache.m in Sources */ = {isa = PBXBuildFile; fileRef = 8C17D4B81F36172E001A9ECC /* NSImage+WebCache.m */; };
		8C17D4DE1F36172E001A9ECC /* SDImageCache.m in Sources */ = {isa = PBXBuildFile; fileRef = 8C17D4BA1F36172E001A9ECC /* SDImageCache.m */; };
		8C17D4DF1F36172E001A9ECC /* SDImageCacheConfig.m in Sources */ = {isa = PBXBuildFile; fileRef = 8C17D4BC1F36172E001A9ECC /* SDImageCacheConfig.m */; };
		8C17D4E01F36172E001A9ECC /* SDWebImageCompat.m in Sources */ = {isa = PBXBuildFile; fileRef = 8C17D4BE1F36172E001A9ECC /* SDWebImageCompat.m */; };
		8C17D4E11F36172E001A9ECC /* SDWebImageDecoder.m in Sources */ = {isa = PBXBuildFile; fileRef = 8C17D4C01F36172E001A9ECC /* SDWebImageDecoder.m */; };
		8C17D4E21F36172E001A9ECC /* SDWebImageDownloader.m in Sources */ = {isa = PBXBuildFile; fileRef = 8C17D4C21F36172E001A9ECC /* SDWebImageDownloader.m */; };
		8C17D4E31F36172E001A9ECC /* SDWebImageDownloaderOperation.m in Sources */ = {isa = PBXBuildFile; fileRef = 8C17D4C41F36172E001A9ECC /* SDWebImageDownloaderOperation.m */; };
		8C17D4E41F36172E001A9ECC /* SDWebImageManager.m in Sources */ = {isa = PBXBuildFile; fileRef = 8C17D4C61F36172E001A9ECC /* SDWebImageManager.m */; };
		8C17D4E51F36172E001A9ECC /* SDWebImagePrefetcher.m in Sources */ = {isa = PBXBuildFile; fileRef = 8C17D4C91F36172E001A9ECC /* SDWebImagePrefetcher.m */; };
		8C17D4E61F36172E001A9ECC /* UIButton+WebCache.m in Sources */ = {isa = PBXBuildFile; fileRef = 8C17D4CB1F36172E001A9ECC /* UIButton+WebCache.m */; };
		8C17D4E71F36172E001A9ECC /* UIImage+GIF.m in Sources */ = {isa = PBXBuildFile; fileRef = 8C17D4CD1F36172E001A9ECC /* UIImage+GIF.m */; };
		8C17D4E81F36172E001A9ECC /* UIImage+MultiFormat.m in Sources */ = {isa = PBXBuildFile; fileRef = 8C17D4CF1F36172E001A9ECC /* UIImage+MultiFormat.m */; };
		8C17D4E91F36172E001A9ECC /* UIImage+WebP.m in Sources */ = {isa = PBXBuildFile; fileRef = 8C17D4D11F36172E001A9ECC /* UIImage+WebP.m */; };
		8C17D4EA1F36172E001A9ECC /* UIImageView+HighlightedWebCache.m in Sources */ = {isa = PBXBuildFile; fileRef = 8C17D4D31F36172E001A9ECC /* UIImageView+HighlightedWebCache.m */; };
		8C17D4EB1F36172E001A9ECC /* UIImageView+WebCache.m in Sources */ = {isa = PBXBuildFile; fileRef = 8C17D4D51F36172E001A9ECC /* UIImageView+WebCache.m */; };
		8C17D4EC1F36172E001A9ECC /* UIView+WebCache.m in Sources */ = {isa = PBXBuildFile; fileRef = 8C17D4D71F36172E001A9ECC /* UIView+WebCache.m */; };
		8C17D4ED1F36172E001A9ECC /* UIView+WebCacheOperation.m in Sources */ = {isa = PBXBuildFile; fileRef = 8C17D4D91F36172E001A9ECC /* UIView+WebCacheOperation.m */; };
		8C3931651F5737E7008D0021 /* Info.plist in Resources */ = {isa = PBXBuildFile; fileRef = 8C3931621F5737E7008D0021 /* Info.plist */; };
		8C3931661F5737E7008D0021 /* Reachability.swift in Sources */ = {isa = PBXBuildFile; fileRef = 8C3931641F5737E7008D0021 /* Reachability.swift */; };
		8C57BB171F431891009897E9 /* AnnotationDetails.swift in Sources */ = {isa = PBXBuildFile; fileRef = 8C57BB151F431891009897E9 /* AnnotationDetails.swift */; };
		8C57BB181F431891009897E9 /* AnnotationDetails.xib in Resources */ = {isa = PBXBuildFile; fileRef = 8C57BB161F431891009897E9 /* AnnotationDetails.xib */; };
		8C57BB1A1F4324A5009897E9 /* NearByModel.swift in Sources */ = {isa = PBXBuildFile; fileRef = 8C57BB191F4324A5009897E9 /* NearByModel.swift */; };
		8C6EDF7F1F3A2F5100D48439 /* LICENSE in Resources */ = {isa = PBXBuildFile; fileRef = 8C6EDF7B1F3A2F5100D48439 /* LICENSE */; };
		8C6EDF801F3A2F5100D48439 /* MBProgressHUD.m in Sources */ = {isa = PBXBuildFile; fileRef = 8C6EDF7D1F3A2F5100D48439 /* MBProgressHUD.m */; };
		8C6EDF811F3A2F5100D48439 /* README.mdown in Sources */ = {isa = PBXBuildFile; fileRef = 8C6EDF7E1F3A2F5100D48439 /* README.mdown */; };
		8C6EDF831F3A3E0900D48439 /* UserData.swift in Sources */ = {isa = PBXBuildFile; fileRef = 8C6EDF821F3A3E0900D48439 /* UserData.swift */; };
		8CA6B7C51F76F1B0009A2195 /* GroupMessage.swift in Sources */ = {isa = PBXBuildFile; fileRef = 8CA6B7C41F76F1B0009A2195 /* GroupMessage.swift */; };
		9C3419D91ECCA54F00D34A5D /* HowToShareViewController.swift in Sources */ = {isa = PBXBuildFile; fileRef = 9C3419D81ECCA54F00D34A5D /* HowToShareViewController.swift */; };
		9C3419DB1ECCAC2700D34A5D /* SettingViewController.swift in Sources */ = {isa = PBXBuildFile; fileRef = 9C3419DA1ECCAC2700D34A5D /* SettingViewController.swift */; };
		9C3870DC1EC989490023B1E0 /* SignUpViewControllerCategory.swift in Sources */ = {isa = PBXBuildFile; fileRef = 9C3870DB1EC989490023B1E0 /* SignUpViewControllerCategory.swift */; };
		9C3870DE1EC98B470023B1E0 /* SignUpCategoryCell.swift in Sources */ = {isa = PBXBuildFile; fileRef = 9C3870DD1EC98B470023B1E0 /* SignUpCategoryCell.swift */; };
		9C4A0A5F1EC5D2B10076520B /* AppDelegate.swift in Sources */ = {isa = PBXBuildFile; fileRef = 9C4A0A5E1EC5D2B10076520B /* AppDelegate.swift */; };
		9C4A0A611EC5D2B10076520B /* ViewController.swift in Sources */ = {isa = PBXBuildFile; fileRef = 9C4A0A601EC5D2B10076520B /* ViewController.swift */; };
		9C4A0A671EC5D2B10076520B /* HereYaGo.xcdatamodeld in Sources */ = {isa = PBXBuildFile; fileRef = 9C4A0A651EC5D2B10076520B /* HereYaGo.xcdatamodeld */; };
		9C4A0A6C1EC5D2B10076520B /* LaunchScreen.storyboard in Resources */ = {isa = PBXBuildFile; fileRef = 9C4A0A6A1EC5D2B10076520B /* LaunchScreen.storyboard */; };
		9C5B01C41EC5FFF300262C6A /* LoginViewController.swift in Sources */ = {isa = PBXBuildFile; fileRef = 9C5B01C31EC5FFF300262C6A /* LoginViewController.swift */; };
		9C5B01CC1EC600D400262C6A /* SignUpViewController.swift in Sources */ = {isa = PBXBuildFile; fileRef = 9C5B01CB1EC600D400262C6A /* SignUpViewController.swift */; };
		9CD2A1A11ECC99990097CD82 /* LeaderboardViewController.swift in Sources */ = {isa = PBXBuildFile; fileRef = 9CD2A1A01ECC99990097CD82 /* LeaderboardViewController.swift */; };
		9CD2A1A31ECC9AEC0097CD82 /* LeaderboardCell.swift in Sources */ = {isa = PBXBuildFile; fileRef = 9CD2A1A21ECC9AEC0097CD82 /* LeaderboardCell.swift */; };
		DD0F4FFC1ECB031000B46AD4 /* MenuViewController.swift in Sources */ = {isa = PBXBuildFile; fileRef = DD0F4FFB1ECB031000B46AD4 /* MenuViewController.swift */; };
		DD0F4FFE1ECB032600B46AD4 /* ProfileViewController.swift in Sources */ = {isa = PBXBuildFile; fileRef = DD0F4FFD1ECB032600B46AD4 /* ProfileViewController.swift */; };
		DD0F50001ECB032B00B46AD4 /* GiftViewController.swift in Sources */ = {isa = PBXBuildFile; fileRef = DD0F4FFF1ECB032B00B46AD4 /* GiftViewController.swift */; };
		DD0F50031ECB034500B46AD4 /* MenuSections.swift in Sources */ = {isa = PBXBuildFile; fileRef = DD0F50011ECB034500B46AD4 /* MenuSections.swift */; };
		DD0F50041ECB034500B46AD4 /* MenuSectionData.swift in Sources */ = {isa = PBXBuildFile; fileRef = DD0F50021ECB034500B46AD4 /* MenuSectionData.swift */; };
		DD0F50061ECB035B00B46AD4 /* MenuCell.swift in Sources */ = {isa = PBXBuildFile; fileRef = DD0F50051ECB035B00B46AD4 /* MenuCell.swift */; };
		DD0F50081ECB036200B46AD4 /* TimeLineCell.swift in Sources */ = {isa = PBXBuildFile; fileRef = DD0F50071ECB036200B46AD4 /* TimeLineCell.swift */; };
		DD0F500A1ECB036800B46AD4 /* ProfileViewControllerCell.swift in Sources */ = {isa = PBXBuildFile; fileRef = DD0F50091ECB036800B46AD4 /* ProfileViewControllerCell.swift */; };
		DD0F500C1ECB036E00B46AD4 /* GiftCell.swift in Sources */ = {isa = PBXBuildFile; fileRef = DD0F500B1ECB036E00B46AD4 /* GiftCell.swift */; };
		DD0F500E1ECB049C00B46AD4 /* Main.storyboard in Resources */ = {isa = PBXBuildFile; fileRef = DD0F500D1ECB049C00B46AD4 /* Main.storyboard */; };
		DD1C21A31ED58BEC0057C5D0 /* requestFormViewController.swift in Sources */ = {isa = PBXBuildFile; fileRef = DD1C21A21ED58BEC0057C5D0 /* requestFormViewController.swift */; };
		DD1C21A51ED58D800057C5D0 /* InboxViewController.swift in Sources */ = {isa = PBXBuildFile; fileRef = DD1C21A41ED58D800057C5D0 /* InboxViewController.swift */; };
		DD1C21A71ED5B86B0057C5D0 /* InboxTableViewCell.swift in Sources */ = {isa = PBXBuildFile; fileRef = DD1C21A61ED5B86B0057C5D0 /* InboxTableViewCell.swift */; };
		DD1C21A91ED5C2BD0057C5D0 /* Inboxmodel.swift in Sources */ = {isa = PBXBuildFile; fileRef = DD1C21A81ED5C2BD0057C5D0 /* Inboxmodel.swift */; };
		DD1E8BAE1ED950D100C2ACD8 /* BadgesCollectionViewCell.swift in Sources */ = {isa = PBXBuildFile; fileRef = DD1E8BAD1ED950D100C2ACD8 /* BadgesCollectionViewCell.swift */; };
		DD3FCF341ECC7D5D002C3647 /* CommentsTableViewCell.swift in Sources */ = {isa = PBXBuildFile; fileRef = DD3FCF331ECC7D5D002C3647 /* CommentsTableViewCell.swift */; };
		DD3FCF361ECC7D90002C3647 /* ShareDetailsViewController.swift in Sources */ = {isa = PBXBuildFile; fileRef = DD3FCF351ECC7D90002C3647 /* ShareDetailsViewController.swift */; };
		DD4949A21EDBF308008F3C22 /* ActivationViewController.swift in Sources */ = {isa = PBXBuildFile; fileRef = DD4949A11EDBF308008F3C22 /* ActivationViewController.swift */; };
		DD4949A41EDC3764008F3C22 /* CommentsViewController.swift in Sources */ = {isa = PBXBuildFile; fileRef = DD4949A31EDC3764008F3C22 /* CommentsViewController.swift */; };
		DD4964C41ECC199E00D145C3 /* TheBigPictureViewController.swift in Sources */ = {isa = PBXBuildFile; fileRef = DD4964C31ECC199E00D145C3 /* TheBigPictureViewController.swift */; };
		DD4964C61ECC19F800D145C3 /* CommunityViewController.swift in Sources */ = {isa = PBXBuildFile; fileRef = DD4964C51ECC19F800D145C3 /* CommunityViewController.swift */; };
		DD4964C81ECC1A4D00D145C3 /* TimeLineViewController.swift in Sources */ = {isa = PBXBuildFile; fileRef = DD4964C71ECC1A4D00D145C3 /* TimeLineViewController.swift */; };
		DD4964CD1ECC220A00D145C3 /* BigPictureCell.swift in Sources */ = {isa = PBXBuildFile; fileRef = DD4964CC1ECC220A00D145C3 /* BigPictureCell.swift */; };
		DD4964CF1ECC220F00D145C3 /* CommunityCell.swift in Sources */ = {isa = PBXBuildFile; fileRef = DD4964CE1ECC220F00D145C3 /* CommunityCell.swift */; };
		DD7806A11ED6E259009973FF /* MessageViewController.swift in Sources */ = {isa = PBXBuildFile; fileRef = DD7806A01ED6E259009973FF /* MessageViewController.swift */; };
		DD7F6D2B1ED4435800522CA7 /* MapKit.framework in Frameworks */ = {isa = PBXBuildFile; fileRef = DD7F6D2A1ED4435800522CA7 /* MapKit.framework */; };
		DD7F6D2D1ED4436400522CA7 /* CoreLocation.framework in Frameworks */ = {isa = PBXBuildFile; fileRef = DD7F6D2C1ED4436400522CA7 /* CoreLocation.framework */; };
		DD7F6D2F1ED462F200522CA7 /* FBSDKLoginKit.framework in Frameworks */ = {isa = PBXBuildFile; fileRef = DD7F6D2E1ED462F200522CA7 /* FBSDKLoginKit.framework */; };
		DD7F6D311ED465B100522CA7 /* FBSDKCoreKit.framework in Frameworks */ = {isa = PBXBuildFile; fileRef = DD7F6D301ED465B100522CA7 /* FBSDKCoreKit.framework */; };
		DD7F6D331ED46E5F00522CA7 /* Bolts.framework in Frameworks */ = {isa = PBXBuildFile; fileRef = DD7F6D321ED46E5F00522CA7 /* Bolts.framework */; };
		DD8C1B801ED69B0F000CCF7D /* Assets.xcassets in Resources */ = {isa = PBXBuildFile; fileRef = 9C4A0A681EC5D2B10076520B /* Assets.xcassets */; };
		DDA11CB21EC9A95F0030B7D4 /* SWRevealViewController.m in Sources */ = {isa = PBXBuildFile; fileRef = DDA11CB11EC9A95F0030B7D4 /* SWRevealViewController.m */; };
		DDA11CB41EC9AA0F0030B7D4 /* GoogleService-Info.plist in Resources */ = {isa = PBXBuildFile; fileRef = DDA11CB31EC9AA0F0030B7D4 /* GoogleService-Info.plist */; };
		DDA11CB81EC9BBC90030B7D4 /* BaseViewController.swift in Sources */ = {isa = PBXBuildFile; fileRef = DDA11CB71EC9BBC90030B7D4 /* BaseViewController.swift */; };
		DDA11CBA1EC9CDE30030B7D4 /* ShareModel.swift in Sources */ = {isa = PBXBuildFile; fileRef = DDA11CB91EC9CDE30030B7D4 /* ShareModel.swift */; };
		DDA11CBC1EC9CE0B0030B7D4 /* CommentModel.swift in Sources */ = {isa = PBXBuildFile; fileRef = DDA11CBB1EC9CE0B0030B7D4 /* CommentModel.swift */; };
		DDA11CBE1EC9CE6D0030B7D4 /* UsersModel.swift in Sources */ = {isa = PBXBuildFile; fileRef = DDA11CBD1EC9CE6D0030B7D4 /* UsersModel.swift */; };
		DDA361F71ED3FEAC008A6F0A /* SignupAddressViewController.swift in Sources */ = {isa = PBXBuildFile; fileRef = DDA361F61ED3FEAC008A6F0A /* SignupAddressViewController.swift */; };
		DDA41BEF1ECD733B00377C9D /* BigPicturModel.swift in Sources */ = {isa = PBXBuildFile; fileRef = DDA41BEE1ECD733B00377C9D /* BigPicturModel.swift */; };
		DDA41BF11ECD737600377C9D /* GiftsModel.swift in Sources */ = {isa = PBXBuildFile; fileRef = DDA41BF01ECD737600377C9D /* GiftsModel.swift */; };
		DDA41BF31ECDCD4F00377C9D /* ShareformViewController.swift in Sources */ = {isa = PBXBuildFile; fileRef = DDA41BF21ECDCD4F00377C9D /* ShareformViewController.swift */; };
		E6586247DFA84308F72B16CF /* Pods_HereYaGo.framework in Frameworks */ = {isa = PBXBuildFile; fileRef = 4A6B3E078D29F98B1D82E7E4 /* Pods_HereYaGo.framework */; };
/* End PBXBuildFile section */

/* Begin PBXFileReference section */
		3243DA7C1F3D8F070087BC3C /* Utilities.swift */ = {isa = PBXFileReference; lastKnownFileType = sourcecode.swift; path = Utilities.swift; sourceTree = "<group>"; };
		4A6B3E078D29F98B1D82E7E4 /* Pods_HereYaGo.framework */ = {isa = PBXFileReference; explicitFileType = wrapper.framework; includeInIndex = 0; path = Pods_HereYaGo.framework; sourceTree = BUILT_PRODUCTS_DIR; };
		8C17D4B31F36172E001A9ECC /* MKAnnotationView+WebCache.h */ = {isa = PBXFileReference; fileEncoding = 4; lastKnownFileType = sourcecode.c.h; path = "MKAnnotationView+WebCache.h"; sourceTree = "<group>"; };
		8C17D4B41F36172E001A9ECC /* MKAnnotationView+WebCache.m */ = {isa = PBXFileReference; fileEncoding = 4; lastKnownFileType = sourcecode.c.objc; path = "MKAnnotationView+WebCache.m"; sourceTree = "<group>"; };
		8C17D4B51F36172E001A9ECC /* NSData+ImageContentType.h */ = {isa = PBXFileReference; fileEncoding = 4; lastKnownFileType = sourcecode.c.h; path = "NSData+ImageContentType.h"; sourceTree = "<group>"; };
		8C17D4B61F36172E001A9ECC /* NSData+ImageContentType.m */ = {isa = PBXFileReference; fileEncoding = 4; lastKnownFileType = sourcecode.c.objc; path = "NSData+ImageContentType.m"; sourceTree = "<group>"; };
		8C17D4B71F36172E001A9ECC /* NSImage+WebCache.h */ = {isa = PBXFileReference; fileEncoding = 4; lastKnownFileType = sourcecode.c.h; path = "NSImage+WebCache.h"; sourceTree = "<group>"; };
		8C17D4B81F36172E001A9ECC /* NSImage+WebCache.m */ = {isa = PBXFileReference; fileEncoding = 4; lastKnownFileType = sourcecode.c.objc; path = "NSImage+WebCache.m"; sourceTree = "<group>"; };
		8C17D4B91F36172E001A9ECC /* SDImageCache.h */ = {isa = PBXFileReference; fileEncoding = 4; lastKnownFileType = sourcecode.c.h; path = SDImageCache.h; sourceTree = "<group>"; };
		8C17D4BA1F36172E001A9ECC /* SDImageCache.m */ = {isa = PBXFileReference; fileEncoding = 4; lastKnownFileType = sourcecode.c.objc; path = SDImageCache.m; sourceTree = "<group>"; };
		8C17D4BB1F36172E001A9ECC /* SDImageCacheConfig.h */ = {isa = PBXFileReference; fileEncoding = 4; lastKnownFileType = sourcecode.c.h; path = SDImageCacheConfig.h; sourceTree = "<group>"; };
		8C17D4BC1F36172E001A9ECC /* SDImageCacheConfig.m */ = {isa = PBXFileReference; fileEncoding = 4; lastKnownFileType = sourcecode.c.objc; path = SDImageCacheConfig.m; sourceTree = "<group>"; };
		8C17D4BD1F36172E001A9ECC /* SDWebImageCompat.h */ = {isa = PBXFileReference; fileEncoding = 4; lastKnownFileType = sourcecode.c.h; path = SDWebImageCompat.h; sourceTree = "<group>"; };
		8C17D4BE1F36172E001A9ECC /* SDWebImageCompat.m */ = {isa = PBXFileReference; fileEncoding = 4; lastKnownFileType = sourcecode.c.objc; path = SDWebImageCompat.m; sourceTree = "<group>"; };
		8C17D4BF1F36172E001A9ECC /* SDWebImageDecoder.h */ = {isa = PBXFileReference; fileEncoding = 4; lastKnownFileType = sourcecode.c.h; path = SDWebImageDecoder.h; sourceTree = "<group>"; };
		8C17D4C01F36172E001A9ECC /* SDWebImageDecoder.m */ = {isa = PBXFileReference; fileEncoding = 4; lastKnownFileType = sourcecode.c.objc; path = SDWebImageDecoder.m; sourceTree = "<group>"; };
		8C17D4C11F36172E001A9ECC /* SDWebImageDownloader.h */ = {isa = PBXFileReference; fileEncoding = 4; lastKnownFileType = sourcecode.c.h; path = SDWebImageDownloader.h; sourceTree = "<group>"; };
		8C17D4C21F36172E001A9ECC /* SDWebImageDownloader.m */ = {isa = PBXFileReference; fileEncoding = 4; lastKnownFileType = sourcecode.c.objc; path = SDWebImageDownloader.m; sourceTree = "<group>"; };
		8C17D4C31F36172E001A9ECC /* SDWebImageDownloaderOperation.h */ = {isa = PBXFileReference; fileEncoding = 4; lastKnownFileType = sourcecode.c.h; path = SDWebImageDownloaderOperation.h; sourceTree = "<group>"; };
		8C17D4C41F36172E001A9ECC /* SDWebImageDownloaderOperation.m */ = {isa = PBXFileReference; fileEncoding = 4; lastKnownFileType = sourcecode.c.objc; path = SDWebImageDownloaderOperation.m; sourceTree = "<group>"; };
		8C17D4C51F36172E001A9ECC /* SDWebImageManager.h */ = {isa = PBXFileReference; fileEncoding = 4; lastKnownFileType = sourcecode.c.h; path = SDWebImageManager.h; sourceTree = "<group>"; };
		8C17D4C61F36172E001A9ECC /* SDWebImageManager.m */ = {isa = PBXFileReference; fileEncoding = 4; lastKnownFileType = sourcecode.c.objc; path = SDWebImageManager.m; sourceTree = "<group>"; };
		8C17D4C71F36172E001A9ECC /* SDWebImageOperation.h */ = {isa = PBXFileReference; fileEncoding = 4; lastKnownFileType = sourcecode.c.h; path = SDWebImageOperation.h; sourceTree = "<group>"; };
		8C17D4C81F36172E001A9ECC /* SDWebImagePrefetcher.h */ = {isa = PBXFileReference; fileEncoding = 4; lastKnownFileType = sourcecode.c.h; path = SDWebImagePrefetcher.h; sourceTree = "<group>"; };
		8C17D4C91F36172E001A9ECC /* SDWebImagePrefetcher.m */ = {isa = PBXFileReference; fileEncoding = 4; lastKnownFileType = sourcecode.c.objc; path = SDWebImagePrefetcher.m; sourceTree = "<group>"; };
		8C17D4CA1F36172E001A9ECC /* UIButton+WebCache.h */ = {isa = PBXFileReference; fileEncoding = 4; lastKnownFileType = sourcecode.c.h; path = "UIButton+WebCache.h"; sourceTree = "<group>"; };
		8C17D4CB1F36172E001A9ECC /* UIButton+WebCache.m */ = {isa = PBXFileReference; fileEncoding = 4; lastKnownFileType = sourcecode.c.objc; path = "UIButton+WebCache.m"; sourceTree = "<group>"; };
		8C17D4CC1F36172E001A9ECC /* UIImage+GIF.h */ = {isa = PBXFileReference; fileEncoding = 4; lastKnownFileType = sourcecode.c.h; path = "UIImage+GIF.h"; sourceTree = "<group>"; };
		8C17D4CD1F36172E001A9ECC /* UIImage+GIF.m */ = {isa = PBXFileReference; fileEncoding = 4; lastKnownFileType = sourcecode.c.objc; path = "UIImage+GIF.m"; sourceTree = "<group>"; };
		8C17D4CE1F36172E001A9ECC /* UIImage+MultiFormat.h */ = {isa = PBXFileReference; fileEncoding = 4; lastKnownFileType = sourcecode.c.h; path = "UIImage+MultiFormat.h"; sourceTree = "<group>"; };
		8C17D4CF1F36172E001A9ECC /* UIImage+MultiFormat.m */ = {isa = PBXFileReference; fileEncoding = 4; lastKnownFileType = sourcecode.c.objc; path = "UIImage+MultiFormat.m"; sourceTree = "<group>"; };
		8C17D4D01F36172E001A9ECC /* UIImage+WebP.h */ = {isa = PBXFileReference; fileEncoding = 4; lastKnownFileType = sourcecode.c.h; path = "UIImage+WebP.h"; sourceTree = "<group>"; };
		8C17D4D11F36172E001A9ECC /* UIImage+WebP.m */ = {isa = PBXFileReference; fileEncoding = 4; lastKnownFileType = sourcecode.c.objc; path = "UIImage+WebP.m"; sourceTree = "<group>"; };
		8C17D4D21F36172E001A9ECC /* UIImageView+HighlightedWebCache.h */ = {isa = PBXFileReference; fileEncoding = 4; lastKnownFileType = sourcecode.c.h; path = "UIImageView+HighlightedWebCache.h"; sourceTree = "<group>"; };
		8C17D4D31F36172E001A9ECC /* UIImageView+HighlightedWebCache.m */ = {isa = PBXFileReference; fileEncoding = 4; lastKnownFileType = sourcecode.c.objc; path = "UIImageView+HighlightedWebCache.m"; sourceTree = "<group>"; };
		8C17D4D41F36172E001A9ECC /* UIImageView+WebCache.h */ = {isa = PBXFileReference; fileEncoding = 4; lastKnownFileType = sourcecode.c.h; path = "UIImageView+WebCache.h"; sourceTree = "<group>"; };
		8C17D4D51F36172E001A9ECC /* UIImageView+WebCache.m */ = {isa = PBXFileReference; fileEncoding = 4; lastKnownFileType = sourcecode.c.objc; path = "UIImageView+WebCache.m"; sourceTree = "<group>"; };
		8C17D4D61F36172E001A9ECC /* UIView+WebCache.h */ = {isa = PBXFileReference; fileEncoding = 4; lastKnownFileType = sourcecode.c.h; path = "UIView+WebCache.h"; sourceTree = "<group>"; };
		8C17D4D71F36172E001A9ECC /* UIView+WebCache.m */ = {isa = PBXFileReference; fileEncoding = 4; lastKnownFileType = sourcecode.c.objc; path = "UIView+WebCache.m"; sourceTree = "<group>"; };
		8C17D4D81F36172E001A9ECC /* UIView+WebCacheOperation.h */ = {isa = PBXFileReference; fileEncoding = 4; lastKnownFileType = sourcecode.c.h; path = "UIView+WebCacheOperation.h"; sourceTree = "<group>"; };
		8C17D4D91F36172E001A9ECC /* UIView+WebCacheOperation.m */ = {isa = PBXFileReference; fileEncoding = 4; lastKnownFileType = sourcecode.c.objc; path = "UIView+WebCacheOperation.m"; sourceTree = "<group>"; };
		8C17D4EE1F361779001A9ECC /* HereYaGo-Bridging-Header.h */ = {isa = PBXFileReference; lastKnownFileType = sourcecode.c.h; path = "HereYaGo-Bridging-Header.h"; sourceTree = "<group>"; };
		8C3931621F5737E7008D0021 /* Info.plist */ = {isa = PBXFileReference; fileEncoding = 4; lastKnownFileType = text.plist.xml; path = Info.plist; sourceTree = "<group>"; };
		8C3931631F5737E7008D0021 /* Reachability.h */ = {isa = PBXFileReference; fileEncoding = 4; lastKnownFileType = sourcecode.c.h; path = Reachability.h; sourceTree = "<group>"; };
		8C3931641F5737E7008D0021 /* Reachability.swift */ = {isa = PBXFileReference; fileEncoding = 4; lastKnownFileType = sourcecode.swift; path = Reachability.swift; sourceTree = "<group>"; };
		8C57BB151F431891009897E9 /* AnnotationDetails.swift */ = {isa = PBXFileReference; fileEncoding = 4; lastKnownFileType = sourcecode.swift; path = AnnotationDetails.swift; sourceTree = "<group>"; };
		8C57BB161F431891009897E9 /* AnnotationDetails.xib */ = {isa = PBXFileReference; fileEncoding = 4; lastKnownFileType = file.xib; path = AnnotationDetails.xib; sourceTree = "<group>"; };
		8C57BB191F4324A5009897E9 /* NearByModel.swift */ = {isa = PBXFileReference; fileEncoding = 4; lastKnownFileType = sourcecode.swift; path = NearByModel.swift; sourceTree = "<group>"; };
		8C6EDF7B1F3A2F5100D48439 /* LICENSE */ = {isa = PBXFileReference; fileEncoding = 4; lastKnownFileType = text; path = LICENSE; sourceTree = "<group>"; };
		8C6EDF7C1F3A2F5100D48439 /* MBProgressHUD.h */ = {isa = PBXFileReference; fileEncoding = 4; lastKnownFileType = sourcecode.c.h; path = MBProgressHUD.h; sourceTree = "<group>"; };
		8C6EDF7D1F3A2F5100D48439 /* MBProgressHUD.m */ = {isa = PBXFileReference; fileEncoding = 4; lastKnownFileType = sourcecode.c.objc; path = MBProgressHUD.m; sourceTree = "<group>"; };
		8C6EDF7E1F3A2F5100D48439 /* README.mdown */ = {isa = PBXFileReference; fileEncoding = 4; lastKnownFileType = net.daringfireball.markdown; path = README.mdown; sourceTree = "<group>"; };
		8C6EDF821F3A3E0900D48439 /* UserData.swift */ = {isa = PBXFileReference; fileEncoding = 4; lastKnownFileType = sourcecode.swift; path = UserData.swift; sourceTree = "<group>"; };
		8CA6B7C41F76F1B0009A2195 /* GroupMessage.swift */ = {isa = PBXFileReference; fileEncoding = 4; lastKnownFileType = sourcecode.swift; path = GroupMessage.swift; sourceTree = "<group>"; };
		8CC4F56787D629D717925F39 /* Pods-HereYaGo.release.xcconfig */ = {isa = PBXFileReference; includeInIndex = 1; lastKnownFileType = text.xcconfig; name = "Pods-HereYaGo.release.xcconfig"; path = "Pods/Target Support Files/Pods-HereYaGo/Pods-HereYaGo.release.xcconfig"; sourceTree = "<group>"; };
		9C3419D81ECCA54F00D34A5D /* HowToShareViewController.swift */ = {isa = PBXFileReference; fileEncoding = 4; lastKnownFileType = sourcecode.swift; path = HowToShareViewController.swift; sourceTree = "<group>"; };
		9C3419DA1ECCAC2700D34A5D /* SettingViewController.swift */ = {isa = PBXFileReference; fileEncoding = 4; lastKnownFileType = sourcecode.swift; path = SettingViewController.swift; sourceTree = "<group>"; };
		9C3870DB1EC989490023B1E0 /* SignUpViewControllerCategory.swift */ = {isa = PBXFileReference; fileEncoding = 4; lastKnownFileType = sourcecode.swift; path = SignUpViewControllerCategory.swift; sourceTree = "<group>"; };
		9C3870DD1EC98B470023B1E0 /* SignUpCategoryCell.swift */ = {isa = PBXFileReference; fileEncoding = 4; lastKnownFileType = sourcecode.swift; path = SignUpCategoryCell.swift; sourceTree = "<group>"; };
		9C4A0A5B1EC5D2B10076520B /* HereYaGo.app */ = {isa = PBXFileReference; explicitFileType = wrapper.application; includeInIndex = 0; path = HereYaGo.app; sourceTree = BUILT_PRODUCTS_DIR; };
		9C4A0A5E1EC5D2B10076520B /* AppDelegate.swift */ = {isa = PBXFileReference; lastKnownFileType = sourcecode.swift; path = AppDelegate.swift; sourceTree = "<group>"; };
		9C4A0A601EC5D2B10076520B /* ViewController.swift */ = {isa = PBXFileReference; lastKnownFileType = sourcecode.swift; path = ViewController.swift; sourceTree = "<group>"; };
		9C4A0A661EC5D2B10076520B /* HereYaGo.xcdatamodel */ = {isa = PBXFileReference; lastKnownFileType = wrapper.xcdatamodel; path = HereYaGo.xcdatamodel; sourceTree = "<group>"; };
		9C4A0A681EC5D2B10076520B /* Assets.xcassets */ = {isa = PBXFileReference; lastKnownFileType = folder.assetcatalog; path = Assets.xcassets; sourceTree = "<group>"; };
		9C4A0A6B1EC5D2B10076520B /* Base */ = {isa = PBXFileReference; lastKnownFileType = file.storyboard; name = Base; path = Base.lproj/LaunchScreen.storyboard; sourceTree = "<group>"; };
		9C4A0A6D1EC5D2B10076520B /* Info.plist */ = {isa = PBXFileReference; lastKnownFileType = text.plist.xml; path = Info.plist; sourceTree = "<group>"; };
		9C5B01C31EC5FFF300262C6A /* LoginViewController.swift */ = {isa = PBXFileReference; fileEncoding = 4; lastKnownFileType = sourcecode.swift; path = LoginViewController.swift; sourceTree = "<group>"; };
		9C5B01CB1EC600D400262C6A /* SignUpViewController.swift */ = {isa = PBXFileReference; fileEncoding = 4; lastKnownFileType = sourcecode.swift; path = SignUpViewController.swift; sourceTree = "<group>"; };
		9CD2A1A01ECC99990097CD82 /* LeaderboardViewController.swift */ = {isa = PBXFileReference; fileEncoding = 4; lastKnownFileType = sourcecode.swift; path = LeaderboardViewController.swift; sourceTree = "<group>"; };
		9CD2A1A21ECC9AEC0097CD82 /* LeaderboardCell.swift */ = {isa = PBXFileReference; fileEncoding = 4; lastKnownFileType = sourcecode.swift; path = LeaderboardCell.swift; sourceTree = "<group>"; };
		9FBD8875BDB43FFE24BBFAE7 /* Pods-HereYaGo.debug.xcconfig */ = {isa = PBXFileReference; includeInIndex = 1; lastKnownFileType = text.xcconfig; name = "Pods-HereYaGo.debug.xcconfig"; path = "Pods/Target Support Files/Pods-HereYaGo/Pods-HereYaGo.debug.xcconfig"; sourceTree = "<group>"; };
		DD0F4FFB1ECB031000B46AD4 /* MenuViewController.swift */ = {isa = PBXFileReference; fileEncoding = 4; lastKnownFileType = sourcecode.swift; path = MenuViewController.swift; sourceTree = "<group>"; };
		DD0F4FFD1ECB032600B46AD4 /* ProfileViewController.swift */ = {isa = PBXFileReference; fileEncoding = 4; lastKnownFileType = sourcecode.swift; path = ProfileViewController.swift; sourceTree = "<group>"; };
		DD0F4FFF1ECB032B00B46AD4 /* GiftViewController.swift */ = {isa = PBXFileReference; fileEncoding = 4; lastKnownFileType = sourcecode.swift; path = GiftViewController.swift; sourceTree = "<group>"; };
		DD0F50011ECB034500B46AD4 /* MenuSections.swift */ = {isa = PBXFileReference; fileEncoding = 4; lastKnownFileType = sourcecode.swift; path = MenuSections.swift; sourceTree = "<group>"; };
		DD0F50021ECB034500B46AD4 /* MenuSectionData.swift */ = {isa = PBXFileReference; fileEncoding = 4; lastKnownFileType = sourcecode.swift; path = MenuSectionData.swift; sourceTree = "<group>"; };
		DD0F50051ECB035B00B46AD4 /* MenuCell.swift */ = {isa = PBXFileReference; fileEncoding = 4; lastKnownFileType = sourcecode.swift; path = MenuCell.swift; sourceTree = "<group>"; };
		DD0F50071ECB036200B46AD4 /* TimeLineCell.swift */ = {isa = PBXFileReference; fileEncoding = 4; lastKnownFileType = sourcecode.swift; path = TimeLineCell.swift; sourceTree = "<group>"; };
		DD0F50091ECB036800B46AD4 /* ProfileViewControllerCell.swift */ = {isa = PBXFileReference; fileEncoding = 4; lastKnownFileType = sourcecode.swift; path = ProfileViewControllerCell.swift; sourceTree = "<group>"; };
		DD0F500B1ECB036E00B46AD4 /* GiftCell.swift */ = {isa = PBXFileReference; fileEncoding = 4; lastKnownFileType = sourcecode.swift; path = GiftCell.swift; sourceTree = "<group>"; };
		DD0F500D1ECB049C00B46AD4 /* Main.storyboard */ = {isa = PBXFileReference; fileEncoding = 4; lastKnownFileType = file.storyboard; path = Main.storyboard; sourceTree = "<group>"; };
		DD1C21A21ED58BEC0057C5D0 /* requestFormViewController.swift */ = {isa = PBXFileReference; fileEncoding = 4; lastKnownFileType = sourcecode.swift; path = requestFormViewController.swift; sourceTree = "<group>"; };
		DD1C21A41ED58D800057C5D0 /* InboxViewController.swift */ = {isa = PBXFileReference; fileEncoding = 4; lastKnownFileType = sourcecode.swift; name = InboxViewController.swift; path = ../InboxViewController.swift; sourceTree = "<group>"; };
		DD1C21A61ED5B86B0057C5D0 /* InboxTableViewCell.swift */ = {isa = PBXFileReference; fileEncoding = 4; lastKnownFileType = sourcecode.swift; name = InboxTableViewCell.swift; path = ../InboxTableViewCell.swift; sourceTree = "<group>"; };
		DD1C21A81ED5C2BD0057C5D0 /* Inboxmodel.swift */ = {isa = PBXFileReference; fileEncoding = 4; lastKnownFileType = sourcecode.swift; path = Inboxmodel.swift; sourceTree = "<group>"; };
		DD1E8BAD1ED950D100C2ACD8 /* BadgesCollectionViewCell.swift */ = {isa = PBXFileReference; fileEncoding = 4; lastKnownFileType = sourcecode.swift; path = BadgesCollectionViewCell.swift; sourceTree = "<group>"; };
		DD3FCF331ECC7D5D002C3647 /* CommentsTableViewCell.swift */ = {isa = PBXFileReference; fileEncoding = 4; lastKnownFileType = sourcecode.swift; path = CommentsTableViewCell.swift; sourceTree = "<group>"; };
		DD3FCF351ECC7D90002C3647 /* ShareDetailsViewController.swift */ = {isa = PBXFileReference; fileEncoding = 4; lastKnownFileType = sourcecode.swift; path = ShareDetailsViewController.swift; sourceTree = "<group>"; };
		DD4949A11EDBF308008F3C22 /* ActivationViewController.swift */ = {isa = PBXFileReference; fileEncoding = 4; lastKnownFileType = sourcecode.swift; path = ActivationViewController.swift; sourceTree = "<group>"; };
		DD4949A31EDC3764008F3C22 /* CommentsViewController.swift */ = {isa = PBXFileReference; fileEncoding = 4; lastKnownFileType = sourcecode.swift; path = CommentsViewController.swift; sourceTree = "<group>"; };
		DD4964C31ECC199E00D145C3 /* TheBigPictureViewController.swift */ = {isa = PBXFileReference; fileEncoding = 4; lastKnownFileType = sourcecode.swift; path = TheBigPictureViewController.swift; sourceTree = "<group>"; };
		DD4964C51ECC19F800D145C3 /* CommunityViewController.swift */ = {isa = PBXFileReference; fileEncoding = 4; lastKnownFileType = sourcecode.swift; path = CommunityViewController.swift; sourceTree = "<group>"; };
		DD4964C71ECC1A4D00D145C3 /* TimeLineViewController.swift */ = {isa = PBXFileReference; fileEncoding = 4; lastKnownFileType = sourcecode.swift; path = TimeLineViewController.swift; sourceTree = "<group>"; };
		DD4964CC1ECC220A00D145C3 /* BigPictureCell.swift */ = {isa = PBXFileReference; fileEncoding = 4; lastKnownFileType = sourcecode.swift; path = BigPictureCell.swift; sourceTree = "<group>"; };
		DD4964CE1ECC220F00D145C3 /* CommunityCell.swift */ = {isa = PBXFileReference; fileEncoding = 4; lastKnownFileType = sourcecode.swift; path = CommunityCell.swift; sourceTree = "<group>"; };
		DD7806A01ED6E259009973FF /* MessageViewController.swift */ = {isa = PBXFileReference; fileEncoding = 4; lastKnownFileType = sourcecode.swift; path = MessageViewController.swift; sourceTree = "<group>"; };
		DD7F6D2A1ED4435800522CA7 /* MapKit.framework */ = {isa = PBXFileReference; lastKnownFileType = wrapper.framework; name = MapKit.framework; path = System/Library/Frameworks/MapKit.framework; sourceTree = SDKROOT; };
		DD7F6D2C1ED4436400522CA7 /* CoreLocation.framework */ = {isa = PBXFileReference; lastKnownFileType = wrapper.framework; name = CoreLocation.framework; path = System/Library/Frameworks/CoreLocation.framework; sourceTree = SDKROOT; };
		DD7F6D2E1ED462F200522CA7 /* FBSDKLoginKit.framework */ = {isa = PBXFileReference; lastKnownFileType = wrapper.framework; path = FBSDKLoginKit.framework; sourceTree = "<group>"; };
		DD7F6D301ED465B100522CA7 /* FBSDKCoreKit.framework */ = {isa = PBXFileReference; lastKnownFileType = wrapper.framework; path = FBSDKCoreKit.framework; sourceTree = "<group>"; };
		DD7F6D321ED46E5F00522CA7 /* Bolts.framework */ = {isa = PBXFileReference; lastKnownFileType = wrapper.framework; path = Bolts.framework; sourceTree = "<group>"; };
		DDA11CB01EC9A9590030B7D4 /* SWRevealViewController.h */ = {isa = PBXFileReference; fileEncoding = 4; lastKnownFileType = sourcecode.c.h; path = SWRevealViewController.h; sourceTree = "<group>"; };
		DDA11CB11EC9A95F0030B7D4 /* SWRevealViewController.m */ = {isa = PBXFileReference; fileEncoding = 4; lastKnownFileType = sourcecode.c.objc; path = SWRevealViewController.m; sourceTree = "<group>"; };
		DDA11CB31EC9AA0F0030B7D4 /* GoogleService-Info.plist */ = {isa = PBXFileReference; fileEncoding = 4; lastKnownFileType = text.plist.xml; path = "GoogleService-Info.plist"; sourceTree = "<group>"; };
		DDA11CB71EC9BBC90030B7D4 /* BaseViewController.swift */ = {isa = PBXFileReference; fileEncoding = 4; lastKnownFileType = sourcecode.swift; path = BaseViewController.swift; sourceTree = "<group>"; };
		DDA11CB91EC9CDE30030B7D4 /* ShareModel.swift */ = {isa = PBXFileReference; fileEncoding = 4; lastKnownFileType = sourcecode.swift; path = ShareModel.swift; sourceTree = "<group>"; };
		DDA11CBB1EC9CE0B0030B7D4 /* CommentModel.swift */ = {isa = PBXFileReference; fileEncoding = 4; lastKnownFileType = sourcecode.swift; path = CommentModel.swift; sourceTree = "<group>"; };
		DDA11CBD1EC9CE6D0030B7D4 /* UsersModel.swift */ = {isa = PBXFileReference; fileEncoding = 4; lastKnownFileType = sourcecode.swift; path = UsersModel.swift; sourceTree = "<group>"; };
		DDA361F61ED3FEAC008A6F0A /* SignupAddressViewController.swift */ = {isa = PBXFileReference; fileEncoding = 4; lastKnownFileType = sourcecode.swift; path = SignupAddressViewController.swift; sourceTree = "<group>"; };
		DDA41BEE1ECD733B00377C9D /* BigPicturModel.swift */ = {isa = PBXFileReference; fileEncoding = 4; lastKnownFileType = sourcecode.swift; path = BigPicturModel.swift; sourceTree = "<group>"; };
		DDA41BF01ECD737600377C9D /* GiftsModel.swift */ = {isa = PBXFileReference; fileEncoding = 4; lastKnownFileType = sourcecode.swift; path = GiftsModel.swift; sourceTree = "<group>"; };
		DDA41BF21ECDCD4F00377C9D /* ShareformViewController.swift */ = {isa = PBXFileReference; fileEncoding = 4; lastKnownFileType = sourcecode.swift; path = ShareformViewController.swift; sourceTree = "<group>"; };
		DDC25E321EDD95850037B878 /* HereYaGo.entitlements */ = {isa = PBXFileReference; lastKnownFileType = text.plist.entitlements; path = HereYaGo.entitlements; sourceTree = "<group>"; };
/* End PBXFileReference section */

/* Begin PBXFrameworksBuildPhase section */
		9C4A0A581EC5D2B10076520B /* Frameworks */ = {
			isa = PBXFrameworksBuildPhase;
			buildActionMask = 2147483647;
			files = (
				DD7F6D311ED465B100522CA7 /* FBSDKCoreKit.framework in Frameworks */,
				DD7F6D2D1ED4436400522CA7 /* CoreLocation.framework in Frameworks */,
				DD7F6D2B1ED4435800522CA7 /* MapKit.framework in Frameworks */,
				DD7F6D331ED46E5F00522CA7 /* Bolts.framework in Frameworks */,
				DD7F6D2F1ED462F200522CA7 /* FBSDKLoginKit.framework in Frameworks */,
				E6586247DFA84308F72B16CF /* Pods_HereYaGo.framework in Frameworks */,
			);
			runOnlyForDeploymentPostprocessing = 0;
		};
/* End PBXFrameworksBuildPhase section */

/* Begin PBXGroup section */
		32840CF71F3D8CDD00624541 /* Utilities */ = {
			isa = PBXGroup;
			children = (
				3243DA7C1F3D8F070087BC3C /* Utilities.swift */,
			);
			path = Utilities;
			sourceTree = "<group>";
		};
		8C17D4AC1F361410001A9ECC /* Helper */ = {
			isa = PBXGroup;
			children = (
				8C17D4AF1F36172E001A9ECC /* SDWebImage */,
			);
			path = Helper;
			sourceTree = "<group>";
		};
		8C17D4AF1F36172E001A9ECC /* SDWebImage */ = {
			isa = PBXGroup;
			children = (
				8C17D4B31F36172E001A9ECC /* MKAnnotationView+WebCache.h */,
				8C17D4B41F36172E001A9ECC /* MKAnnotationView+WebCache.m */,
				8C17D4B51F36172E001A9ECC /* NSData+ImageContentType.h */,
				8C17D4B61F36172E001A9ECC /* NSData+ImageContentType.m */,
				8C17D4B71F36172E001A9ECC /* NSImage+WebCache.h */,
				8C17D4B81F36172E001A9ECC /* NSImage+WebCache.m */,
				8C17D4B91F36172E001A9ECC /* SDImageCache.h */,
				8C17D4BA1F36172E001A9ECC /* SDImageCache.m */,
				8C17D4BB1F36172E001A9ECC /* SDImageCacheConfig.h */,
				8C17D4BC1F36172E001A9ECC /* SDImageCacheConfig.m */,
				8C17D4BD1F36172E001A9ECC /* SDWebImageCompat.h */,
				8C17D4BE1F36172E001A9ECC /* SDWebImageCompat.m */,
				8C17D4BF1F36172E001A9ECC /* SDWebImageDecoder.h */,
				8C17D4C01F36172E001A9ECC /* SDWebImageDecoder.m */,
				8C17D4C11F36172E001A9ECC /* SDWebImageDownloader.h */,
				8C17D4C21F36172E001A9ECC /* SDWebImageDownloader.m */,
				8C17D4C31F36172E001A9ECC /* SDWebImageDownloaderOperation.h */,
				8C17D4C41F36172E001A9ECC /* SDWebImageDownloaderOperation.m */,
				8C17D4C51F36172E001A9ECC /* SDWebImageManager.h */,
				8C17D4C61F36172E001A9ECC /* SDWebImageManager.m */,
				8C17D4C71F36172E001A9ECC /* SDWebImageOperation.h */,
				8C17D4C81F36172E001A9ECC /* SDWebImagePrefetcher.h */,
				8C17D4C91F36172E001A9ECC /* SDWebImagePrefetcher.m */,
				8C17D4CA1F36172E001A9ECC /* UIButton+WebCache.h */,
				8C17D4CB1F36172E001A9ECC /* UIButton+WebCache.m */,
				8C17D4CC1F36172E001A9ECC /* UIImage+GIF.h */,
				8C17D4CD1F36172E001A9ECC /* UIImage+GIF.m */,
				8C17D4CE1F36172E001A9ECC /* UIImage+MultiFormat.h */,
				8C17D4CF1F36172E001A9ECC /* UIImage+MultiFormat.m */,
				8C17D4D01F36172E001A9ECC /* UIImage+WebP.h */,
				8C17D4D11F36172E001A9ECC /* UIImage+WebP.m */,
				8C17D4D21F36172E001A9ECC /* UIImageView+HighlightedWebCache.h */,
				8C17D4D31F36172E001A9ECC /* UIImageView+HighlightedWebCache.m */,
				8C17D4D41F36172E001A9ECC /* UIImageView+WebCache.h */,
				8C17D4D51F36172E001A9ECC /* UIImageView+WebCache.m */,
				8C17D4D61F36172E001A9ECC /* UIView+WebCache.h */,
				8C17D4D71F36172E001A9ECC /* UIView+WebCache.m */,
				8C17D4D81F36172E001A9ECC /* UIView+WebCacheOperation.h */,
				8C17D4D91F36172E001A9ECC /* UIView+WebCacheOperation.m */,
			);
			path = SDWebImage;
			sourceTree = "<group>";
		};
		8C3931611F5737E7008D0021 /* Reachability */ = {
			isa = PBXGroup;
			children = (
				8C3931621F5737E7008D0021 /* Info.plist */,
				8C3931631F5737E7008D0021 /* Reachability.h */,
				8C3931641F5737E7008D0021 /* Reachability.swift */,
			);
			path = Reachability;
			sourceTree = "<group>";
		};
		8C57BB141F431882009897E9 /* xibs */ = {
			isa = PBXGroup;
			children = (
				8C57BB151F431891009897E9 /* AnnotationDetails.swift */,
				8C57BB161F431891009897E9 /* AnnotationDetails.xib */,
			);
			path = xibs;
			sourceTree = "<group>";
		};
		8C6EDF7A1F3A2F5100D48439 /* MBProgressHUD */ = {
			isa = PBXGroup;
			children = (
				8C6EDF7B1F3A2F5100D48439 /* LICENSE */,
				8C6EDF7C1F3A2F5100D48439 /* MBProgressHUD.h */,
				8C6EDF7D1F3A2F5100D48439 /* MBProgressHUD.m */,
				8C6EDF7E1F3A2F5100D48439 /* README.mdown */,
			);
			path = MBProgressHUD;
			sourceTree = "<group>";
		};
		9C4A0A521EC5D2B10076520B = {
			isa = PBXGroup;
			children = (
				9C4A0A5D1EC5D2B10076520B /* HereYaGo */,
				9C4A0A5C1EC5D2B10076520B /* Products */,
				9EC9862EAB90BAB0A6AC4F45 /* Pods */,
				A2AAC2A8D0B4C7DC37CBF439 /* Frameworks */,
			);
			sourceTree = "<group>";
		};
		9C4A0A5C1EC5D2B10076520B /* Products */ = {
			isa = PBXGroup;
			children = (
				9C4A0A5B1EC5D2B10076520B /* HereYaGo.app */,
			);
			name = Products;
			sourceTree = "<group>";
		};
		9C4A0A5D1EC5D2B10076520B /* HereYaGo */ = {
			isa = PBXGroup;
			children = (
				8C3931611F5737E7008D0021 /* Reachability */,
				8C57BB141F431882009897E9 /* xibs */,
				DDC25E321EDD95850037B878 /* HereYaGo.entitlements */,
				DD0F4FF81ECB021A00B46AD4 /* Common */,
				9C5B01CA1EC6003B00262C6A /* Resource */,
				9C5B01C51EC5FFFD00262C6A /* App */,
				9C5B01C91EC6001F00262C6A /* Controller */,
				9C5B01C71EC6001300262C6A /* Model */,
				32840CF71F3D8CDD00624541 /* Utilities */,
				9C925D9D1EC7153800DC1326 /* Utils */,
				9C5B01C81EC6001900262C6A /* View */,
				8C17D4AC1F361410001A9ECC /* Helper */,
			);
			path = HereYaGo;
			sourceTree = "<group>";
		};
		9C5B01C51EC5FFFD00262C6A /* App */ = {
			isa = PBXGroup;
			children = (
				9C4A0A5E1EC5D2B10076520B /* AppDelegate.swift */,
				9C4A0A6D1EC5D2B10076520B /* Info.plist */,
				DDA11CB31EC9AA0F0030B7D4 /* GoogleService-Info.plist */,
				9C4A0A651EC5D2B10076520B /* HereYaGo.xcdatamodeld */,
				8C17D4EE1F361779001A9ECC /* HereYaGo-Bridging-Header.h */,
			);
			name = App;
			sourceTree = "<group>";
		};
		9C5B01C71EC6001300262C6A /* Model */ = {
			isa = PBXGroup;
			children = (
				8CA6B7C41F76F1B0009A2195 /* GroupMessage.swift */,
				DDA11CBD1EC9CE6D0030B7D4 /* UsersModel.swift */,
				DDA11CB91EC9CDE30030B7D4 /* ShareModel.swift */,
				DDA11CBB1EC9CE0B0030B7D4 /* CommentModel.swift */,
				DD0F50011ECB034500B46AD4 /* MenuSections.swift */,
				DD0F50021ECB034500B46AD4 /* MenuSectionData.swift */,
				DDA41BEE1ECD733B00377C9D /* BigPicturModel.swift */,
				DDA41BF01ECD737600377C9D /* GiftsModel.swift */,
				DD1C21A81ED5C2BD0057C5D0 /* Inboxmodel.swift */,
				8C57BB191F4324A5009897E9 /* NearByModel.swift */,
			);
			name = Model;
			sourceTree = "<group>";
		};
		9C5B01C81EC6001900262C6A /* View */ = {
			isa = PBXGroup;
			children = (
				9C3870DD1EC98B470023B1E0 /* SignUpCategoryCell.swift */,
				DD0F50051ECB035B00B46AD4 /* MenuCell.swift */,
				DD0F50071ECB036200B46AD4 /* TimeLineCell.swift */,
				DD0F50091ECB036800B46AD4 /* ProfileViewControllerCell.swift */,
				DD1E8BAD1ED950D100C2ACD8 /* BadgesCollectionViewCell.swift */,
				DD0F500B1ECB036E00B46AD4 /* GiftCell.swift */,
				DD4964CC1ECC220A00D145C3 /* BigPictureCell.swift */,
				DD4964CE1ECC220F00D145C3 /* CommunityCell.swift */,
				DD3FCF331ECC7D5D002C3647 /* CommentsTableViewCell.swift */,
				9CD2A1A21ECC9AEC0097CD82 /* LeaderboardCell.swift */,
				DD1C21A61ED5B86B0057C5D0 /* InboxTableViewCell.swift */,
			);
			name = View;
			sourceTree = "<group>";
		};
		9C5B01C91EC6001F00262C6A /* Controller */ = {
			isa = PBXGroup;
			children = (
				DD2BADDC1ED6F4FE00421599 /* FLash */,
				DD2BADDD1ED6F50100421599 /* Common */,
				DD2BADD91ED6F47000421599 /* SignUp */,
				DD2BADDA1ED6F47300421599 /* LogIn */,
				DD2BADDB1ED6F4FB00421599 /* Menu */,
				DD2BADD71ED6F46B00421599 /* HomeTimeline */,
				DD2BADD81ED6F46E00421599 /* Inbox */,
				8C6EDF821F3A3E0900D48439 /* UserData.swift */,
			);
			name = Controller;
			sourceTree = "<group>";
		};
		9C5B01CA1EC6003B00262C6A /* Resource */ = {
			isa = PBXGroup;
			children = (
				8C6EDF7A1F3A2F5100D48439 /* MBProgressHUD */,
				9C4A0A681EC5D2B10076520B /* Assets.xcassets */,
				9C4A0A6A1EC5D2B10076520B /* LaunchScreen.storyboard */,
				DD0F500D1ECB049C00B46AD4 /* Main.storyboard */,
			);
			name = Resource;
			sourceTree = "<group>";
		};
		9C925D9D1EC7153800DC1326 /* Utils */ = {
			isa = PBXGroup;
			children = (
				DDC25E371EDDAC4F0037B878 /* Sidemenu */,
			);
			name = Utils;
			sourceTree = "<group>";
		};
		9EC9862EAB90BAB0A6AC4F45 /* Pods */ = {
			isa = PBXGroup;
			children = (
				9FBD8875BDB43FFE24BBFAE7 /* Pods-HereYaGo.debug.xcconfig */,
				8CC4F56787D629D717925F39 /* Pods-HereYaGo.release.xcconfig */,
			);
			name = Pods;
			sourceTree = "<group>";
		};
		A2AAC2A8D0B4C7DC37CBF439 /* Frameworks */ = {
			isa = PBXGroup;
			children = (
				DD7F6D321ED46E5F00522CA7 /* Bolts.framework */,
				DD7F6D301ED465B100522CA7 /* FBSDKCoreKit.framework */,
				DD7F6D2E1ED462F200522CA7 /* FBSDKLoginKit.framework */,
				DD7F6D2C1ED4436400522CA7 /* CoreLocation.framework */,
				DD7F6D2A1ED4435800522CA7 /* MapKit.framework */,
				4A6B3E078D29F98B1D82E7E4 /* Pods_HereYaGo.framework */,
			);
			name = Frameworks;
			sourceTree = "<group>";
		};
		DD0F4FF81ECB021A00B46AD4 /* Common */ = {
			isa = PBXGroup;
			children = (
			);
			name = Common;
			path = "../../HereYaGo 2/HereYaGo";
			sourceTree = "<group>";
		};
		DD2BADD71ED6F46B00421599 /* HomeTimeline */ = {
			isa = PBXGroup;
			children = (
				DD4964C71ECC1A4D00D145C3 /* TimeLineViewController.swift */,
				DDA41BF21ECDCD4F00377C9D /* ShareformViewController.swift */,
				DD3FCF351ECC7D90002C3647 /* ShareDetailsViewController.swift */,
				DD4949A31EDC3764008F3C22 /* CommentsViewController.swift */,
			);
			name = HomeTimeline;
			sourceTree = "<group>";
		};
		DD2BADD81ED6F46E00421599 /* Inbox */ = {
			isa = PBXGroup;
			children = (
				DD1C21A21ED58BEC0057C5D0 /* requestFormViewController.swift */,
				DD1C21A41ED58D800057C5D0 /* InboxViewController.swift */,
				DD7806A01ED6E259009973FF /* MessageViewController.swift */,
			);
			name = Inbox;
			sourceTree = "<group>";
		};
		DD2BADD91ED6F47000421599 /* SignUp */ = {
			isa = PBXGroup;
			children = (
				9C5B01CB1EC600D400262C6A /* SignUpViewController.swift */,
				DDA361F61ED3FEAC008A6F0A /* SignupAddressViewController.swift */,
				9C3870DB1EC989490023B1E0 /* SignUpViewControllerCategory.swift */,
				DD4949A11EDBF308008F3C22 /* ActivationViewController.swift */,
			);
			name = SignUp;
			sourceTree = "<group>";
		};
		DD2BADDA1ED6F47300421599 /* LogIn */ = {
			isa = PBXGroup;
			children = (
				9C5B01C31EC5FFF300262C6A /* LoginViewController.swift */,
			);
			name = LogIn;
			sourceTree = "<group>";
		};
		DD2BADDB1ED6F4FB00421599 /* Menu */ = {
			isa = PBXGroup;
			children = (
				DD0F4FFB1ECB031000B46AD4 /* MenuViewController.swift */,
				DD2BADDE1ED6F5B100421599 /* MenuItems */,
			);
			name = Menu;
			sourceTree = "<group>";
		};
		DD2BADDC1ED6F4FE00421599 /* FLash */ = {
			isa = PBXGroup;
			children = (
				9C4A0A601EC5D2B10076520B /* ViewController.swift */,
			);
			name = FLash;
			sourceTree = "<group>";
		};
		DD2BADDD1ED6F50100421599 /* Common */ = {
			isa = PBXGroup;
			children = (
				DDA11CB71EC9BBC90030B7D4 /* BaseViewController.swift */,
			);
			name = Common;
			sourceTree = "<group>";
		};
		DD2BADDE1ED6F5B100421599 /* MenuItems */ = {
			isa = PBXGroup;
			children = (
				DD0F4FFD1ECB032600B46AD4 /* ProfileViewController.swift */,
				DD0F4FFF1ECB032B00B46AD4 /* GiftViewController.swift */,
				DD4964C31ECC199E00D145C3 /* TheBigPictureViewController.swift */,
				DD4964C51ECC19F800D145C3 /* CommunityViewController.swift */,
				9CD2A1A01ECC99990097CD82 /* LeaderboardViewController.swift */,
				9C3419D81ECCA54F00D34A5D /* HowToShareViewController.swift */,
				9C3419DA1ECCAC2700D34A5D /* SettingViewController.swift */,
			);
			name = MenuItems;
			sourceTree = "<group>";
		};
		DDC25E371EDDAC4F0037B878 /* Sidemenu */ = {
			isa = PBXGroup;
			children = (
				DDA11CB01EC9A9590030B7D4 /* SWRevealViewController.h */,
				DDA11CB11EC9A95F0030B7D4 /* SWRevealViewController.m */,
			);
			name = Sidemenu;
			sourceTree = "<group>";
		};
/* End PBXGroup section */

/* Begin PBXNativeTarget section */
		9C4A0A5A1EC5D2B10076520B /* HereYaGo */ = {
			isa = PBXNativeTarget;
			buildConfigurationList = 9C4A0A701EC5D2B10076520B /* Build configuration list for PBXNativeTarget "HereYaGo" */;
			buildPhases = (
				77A9614D5E9C33F155E1BB04 /* [CP] Check Pods Manifest.lock */,
				9C4A0A571EC5D2B10076520B /* Sources */,
				9C4A0A581EC5D2B10076520B /* Frameworks */,
				9C4A0A591EC5D2B10076520B /* Resources */,
				A8194BE77FAD5CF196FAC933 /* [CP] Embed Pods Frameworks */,
				D77ACA552DE8D02575267E2D /* [CP] Copy Pods Resources */,
				DDC25E331EDDA53D0037B878 /* ShellScript */,
			);
			buildRules = (
			);
			dependencies = (
			);
			name = HereYaGo;
			productName = HereYaGo;
			productReference = 9C4A0A5B1EC5D2B10076520B /* HereYaGo.app */;
			productType = "com.apple.product-type.application";
		};
/* End PBXNativeTarget section */

/* Begin PBXProject section */
		9C4A0A531EC5D2B10076520B /* Project object */ = {
			isa = PBXProject;
			attributes = {
				LastSwiftUpdateCheck = 0820;
				LastUpgradeCheck = 0820;
				ORGANIZATIONNAME = DawnShine;
				TargetAttributes = {
					9C4A0A5A1EC5D2B10076520B = {
						CreatedOnToolsVersion = 8.2.1;
						DevelopmentTeam = VPP245KMK3;
						LastSwiftMigration = 0820;
						ProvisioningStyle = Manual;
						SystemCapabilities = {
							com.apple.BackgroundModes = {
								enabled = 1;
							};
							com.apple.InAppPurchase = {
								enabled = 0;
							};
							com.apple.Keychain = {
								enabled = 1;
							};
							com.apple.Push = {
								enabled = 0;
							};
						};
					};
				};
			};
			buildConfigurationList = 9C4A0A561EC5D2B10076520B /* Build configuration list for PBXProject "HereYaGo" */;
			compatibilityVersion = "Xcode 3.2";
			developmentRegion = English;
			hasScannedForEncodings = 0;
			knownRegions = (
				en,
				Base,
			);
			mainGroup = 9C4A0A521EC5D2B10076520B;
			productRefGroup = 9C4A0A5C1EC5D2B10076520B /* Products */;
			projectDirPath = "";
			projectRoot = "";
			targets = (
				9C4A0A5A1EC5D2B10076520B /* HereYaGo */,
			);
		};
/* End PBXProject section */

/* Begin PBXResourcesBuildPhase section */
		9C4A0A591EC5D2B10076520B /* Resources */ = {
			isa = PBXResourcesBuildPhase;
			buildActionMask = 2147483647;
			files = (
				DD8C1B801ED69B0F000CCF7D /* Assets.xcassets in Resources */,
				9C4A0A6C1EC5D2B10076520B /* LaunchScreen.storyboard in Resources */,
				DDA11CB41EC9AA0F0030B7D4 /* GoogleService-Info.plist in Resources */,
				DD0F500E1ECB049C00B46AD4 /* Main.storyboard in Resources */,
				8C6EDF7F1F3A2F5100D48439 /* LICENSE in Resources */,
				8C57BB181F431891009897E9 /* AnnotationDetails.xib in Resources */,
				8C3931651F5737E7008D0021 /* Info.plist in Resources */,
			);
			runOnlyForDeploymentPostprocessing = 0;
		};
/* End PBXResourcesBuildPhase section */

/* Begin PBXShellScriptBuildPhase section */
		77A9614D5E9C33F155E1BB04 /* [CP] Check Pods Manifest.lock */ = {
			isa = PBXShellScriptBuildPhase;
			buildActionMask = 2147483647;
			files = (
			);
			inputPaths = (
			);
			name = "[CP] Check Pods Manifest.lock";
			outputPaths = (
			);
			runOnlyForDeploymentPostprocessing = 0;
			shellPath = /bin/sh;
			shellScript = "diff \"${PODS_PODFILE_DIR_PATH}/Podfile.lock\" \"${PODS_ROOT}/Manifest.lock\" > /dev/null\nif [ $? != 0 ] ; then\n    # print error to STDERR\n    echo \"error: The sandbox is not in sync with the Podfile.lock. Run 'pod install' or update your CocoaPods installation.\" >&2\n    exit 1\nfi\n";
			showEnvVarsInLog = 0;
		};
		A8194BE77FAD5CF196FAC933 /* [CP] Embed Pods Frameworks */ = {
			isa = PBXShellScriptBuildPhase;
			buildActionMask = 2147483647;
			files = (
			);
			inputPaths = (
			);
			name = "[CP] Embed Pods Frameworks";
			outputPaths = (
			);
			runOnlyForDeploymentPostprocessing = 0;
			shellPath = /bin/sh;
			shellScript = "\"${SRCROOT}/Pods/Target Support Files/Pods-HereYaGo/Pods-HereYaGo-frameworks.sh\"\n";
			showEnvVarsInLog = 0;
		};
		D77ACA552DE8D02575267E2D /* [CP] Copy Pods Resources */ = {
			isa = PBXShellScriptBuildPhase;
			buildActionMask = 2147483647;
			files = (
			);
			inputPaths = (
			);
			name = "[CP] Copy Pods Resources";
			outputPaths = (
			);
			runOnlyForDeploymentPostprocessing = 0;
			shellPath = /bin/sh;
			shellScript = "\"${SRCROOT}/Pods/Target Support Files/Pods-HereYaGo/Pods-HereYaGo-resources.sh\"\n";
			showEnvVarsInLog = 0;
		};
		DDC25E331EDDA53D0037B878 /* ShellScript */ = {
			isa = PBXShellScriptBuildPhase;
			buildActionMask = 2147483647;
			files = (
			);
			inputPaths = (
			);
			outputPaths = (
			);
			runOnlyForDeploymentPostprocessing = 0;
			shellPath = /bin/sh;
			shellScript = "\"${PODS_ROOT}/Fabric/run\" bc9a9a85bca5fb3e906c6cc65d739288363d3c58 25a1bf48e7bfafd8efcc43c1fc28e3ecfb9870579960015000377d5d50d009fc";
		};
/* End PBXShellScriptBuildPhase section */

/* Begin PBXSourcesBuildPhase section */
		9C4A0A571EC5D2B10076520B /* Sources */ = {
			isa = PBXSourcesBuildPhase;
			buildActionMask = 2147483647;
			files = (
				8C17D4E11F36172E001A9ECC /* SDWebImageDecoder.m in Sources */,
				8C17D4E51F36172E001A9ECC /* SDWebImagePrefetcher.m in Sources */,
				9C3870DC1EC989490023B1E0 /* SignUpViewControllerCategory.swift in Sources */,
				8C17D4EA1F36172E001A9ECC /* UIImageView+HighlightedWebCache.m in Sources */,
				DD0F500C1ECB036E00B46AD4 /* GiftCell.swift in Sources */,
				9C5B01C41EC5FFF300262C6A /* LoginViewController.swift in Sources */,
				DD4949A21EDBF308008F3C22 /* ActivationViewController.swift in Sources */,
				DD4964C81ECC1A4D00D145C3 /* TimeLineViewController.swift in Sources */,
				8C17D4E91F36172E001A9ECC /* UIImage+WebP.m in Sources */,
				8C17D4DF1F36172E001A9ECC /* SDImageCacheConfig.m in Sources */,
				8C57BB1A1F4324A5009897E9 /* NearByModel.swift in Sources */,
				9C4A0A671EC5D2B10076520B /* HereYaGo.xcdatamodeld in Sources */,
				DDA361F71ED3FEAC008A6F0A /* SignupAddressViewController.swift in Sources */,
				9C3419DB1ECCAC2700D34A5D /* SettingViewController.swift in Sources */,
				9CD2A1A31ECC9AEC0097CD82 /* LeaderboardCell.swift in Sources */,
				8C17D4EB1F36172E001A9ECC /* UIImageView+WebCache.m in Sources */,
				9C4A0A611EC5D2B10076520B /* ViewController.swift in Sources */,
				8C17D4E41F36172E001A9ECC /* SDWebImageManager.m in Sources */,
				DDA41BF31ECDCD4F00377C9D /* ShareformViewController.swift in Sources */,
				DD7806A11ED6E259009973FF /* MessageViewController.swift in Sources */,
				8C57BB171F431891009897E9 /* AnnotationDetails.swift in Sources */,
				DD3FCF361ECC7D90002C3647 /* ShareDetailsViewController.swift in Sources */,
				DD1E8BAE1ED950D100C2ACD8 /* BadgesCollectionViewCell.swift in Sources */,
				3243DA7D1F3D8F070087BC3C /* Utilities.swift in Sources */,
				8C17D4DD1F36172E001A9ECC /* NSImage+WebCache.m in Sources */,
				DDA11CB81EC9BBC90030B7D4 /* BaseViewController.swift in Sources */,
				8C17D4EC1F36172E001A9ECC /* UIView+WebCache.m in Sources */,
				DD1C21A91ED5C2BD0057C5D0 /* Inboxmodel.swift in Sources */,
				8C3931661F5737E7008D0021 /* Reachability.swift in Sources */,
				9C3870DE1EC98B470023B1E0 /* SignUpCategoryCell.swift in Sources */,
				8C17D4DB1F36172E001A9ECC /* MKAnnotationView+WebCache.m in Sources */,
				9CD2A1A11ECC99990097CD82 /* LeaderboardViewController.swift in Sources */,
				DD0F50061ECB035B00B46AD4 /* MenuCell.swift in Sources */,
				9C4A0A5F1EC5D2B10076520B /* AppDelegate.swift in Sources */,
				DD0F50001ECB032B00B46AD4 /* GiftViewController.swift in Sources */,
				DD1C21A51ED58D800057C5D0 /* InboxViewController.swift in Sources */,
				DD1C21A31ED58BEC0057C5D0 /* requestFormViewController.swift in Sources */,
				DD4964CF1ECC220F00D145C3 /* CommunityCell.swift in Sources */,
				DD4949A41EDC3764008F3C22 /* CommentsViewController.swift in Sources */,
				8C17D4E61F36172E001A9ECC /* UIButton+WebCache.m in Sources */,
				8C17D4E01F36172E001A9ECC /* SDWebImageCompat.m in Sources */,
				DD0F4FFE1ECB032600B46AD4 /* ProfileViewController.swift in Sources */,
				DD0F50081ECB036200B46AD4 /* TimeLineCell.swift in Sources */,
				8C6EDF811F3A2F5100D48439 /* README.mdown in Sources */,
				9C3419D91ECCA54F00D34A5D /* HowToShareViewController.swift in Sources */,
				DD1C21A71ED5B86B0057C5D0 /* InboxTableViewCell.swift in Sources */,
				DD3FCF341ECC7D5D002C3647 /* CommentsTableViewCell.swift in Sources */,
				DDA11CBC1EC9CE0B0030B7D4 /* CommentModel.swift in Sources */,
				8C17D4E21F36172E001A9ECC /* SDWebImageDownloader.m in Sources */,
				8CA6B7C51F76F1B0009A2195 /* GroupMessage.swift in Sources */,
				DDA41BEF1ECD733B00377C9D /* BigPicturModel.swift in Sources */,
				8C17D4DE1F36172E001A9ECC /* SDImageCache.m in Sources */,
				8C17D4E71F36172E001A9ECC /* UIImage+GIF.m in Sources */,
				8C6EDF801F3A2F5100D48439 /* MBProgressHUD.m in Sources */,
				DD0F50031ECB034500B46AD4 /* MenuSections.swift in Sources */,
				DDA11CB21EC9A95F0030B7D4 /* SWRevealViewController.m in Sources */,
				DD4964CD1ECC220A00D145C3 /* BigPictureCell.swift in Sources */,
				8C17D4E31F36172E001A9ECC /* SDWebImageDownloaderOperation.m in Sources */,
				DD0F4FFC1ECB031000B46AD4 /* MenuViewController.swift in Sources */,
				8C17D4E81F36172E001A9ECC /* UIImage+MultiFormat.m in Sources */,
				DD0F50041ECB034500B46AD4 /* MenuSectionData.swift in Sources */,
				8C17D4DC1F36172E001A9ECC /* NSData+ImageContentType.m in Sources */,
				DDA41BF11ECD737600377C9D /* GiftsModel.swift in Sources */,
				9C5B01CC1EC600D400262C6A /* SignUpViewController.swift in Sources */,
				DD4964C41ECC199E00D145C3 /* TheBigPictureViewController.swift in Sources */,
				8C6EDF831F3A3E0900D48439 /* UserData.swift in Sources */,
				DD4964C61ECC19F800D145C3 /* CommunityViewController.swift in Sources */,
				8C17D4ED1F36172E001A9ECC /* UIView+WebCacheOperation.m in Sources */,
				DDA11CBA1EC9CDE30030B7D4 /* ShareModel.swift in Sources */,
				DD0F500A1ECB036800B46AD4 /* ProfileViewControllerCell.swift in Sources */,
				DDA11CBE1EC9CE6D0030B7D4 /* UsersModel.swift in Sources */,
			);
			runOnlyForDeploymentPostprocessing = 0;
		};
/* End PBXSourcesBuildPhase section */

/* Begin PBXVariantGroup section */
		9C4A0A6A1EC5D2B10076520B /* LaunchScreen.storyboard */ = {
			isa = PBXVariantGroup;
			children = (
				9C4A0A6B1EC5D2B10076520B /* Base */,
			);
			name = LaunchScreen.storyboard;
			sourceTree = "<group>";
		};
/* End PBXVariantGroup section */

/* Begin XCBuildConfiguration section */
		9C4A0A6E1EC5D2B10076520B /* Debug */ = {
			isa = XCBuildConfiguration;
			buildSettings = {
				ALWAYS_SEARCH_USER_PATHS = NO;
				CLANG_ANALYZER_NONNULL = YES;
				CLANG_CXX_LANGUAGE_STANDARD = "gnu++0x";
				CLANG_CXX_LIBRARY = "libc++";
				CLANG_ENABLE_MODULES = YES;
				CLANG_ENABLE_OBJC_ARC = YES;
				CLANG_WARN_BOOL_CONVERSION = YES;
				CLANG_WARN_CONSTANT_CONVERSION = YES;
				CLANG_WARN_DIRECT_OBJC_ISA_USAGE = YES_ERROR;
				CLANG_WARN_DOCUMENTATION_COMMENTS = YES;
				CLANG_WARN_EMPTY_BODY = YES;
				CLANG_WARN_ENUM_CONVERSION = YES;
				CLANG_WARN_INFINITE_RECURSION = YES;
				CLANG_WARN_INT_CONVERSION = YES;
				CLANG_WARN_OBJC_ROOT_CLASS = YES_ERROR;
				CLANG_WARN_SUSPICIOUS_MOVE = YES;
				CLANG_WARN_UNREACHABLE_CODE = YES;
				CLANG_WARN__DUPLICATE_METHOD_MATCH = YES;
				"CODE_SIGN_IDENTITY[sdk=iphoneos*]" = "iPhone Developer";
				COPY_PHASE_STRIP = NO;
				DEBUG_INFORMATION_FORMAT = dwarf;
				ENABLE_STRICT_OBJC_MSGSEND = YES;
				ENABLE_TESTABILITY = YES;
				GCC_C_LANGUAGE_STANDARD = gnu99;
				GCC_DYNAMIC_NO_PIC = NO;
				GCC_NO_COMMON_BLOCKS = YES;
				GCC_OPTIMIZATION_LEVEL = 0;
				GCC_PREPROCESSOR_DEFINITIONS = (
					"DEBUG=1",
					"$(inherited)",
				);
				GCC_WARN_64_TO_32_BIT_CONVERSION = YES;
				GCC_WARN_ABOUT_RETURN_TYPE = YES_ERROR;
				GCC_WARN_UNDECLARED_SELECTOR = YES;
				GCC_WARN_UNINITIALIZED_AUTOS = YES_AGGRESSIVE;
				GCC_WARN_UNUSED_FUNCTION = YES;
				GCC_WARN_UNUSED_VARIABLE = YES;
				IPHONEOS_DEPLOYMENT_TARGET = 10.2;
				MTL_ENABLE_DEBUG_INFO = YES;
				ONLY_ACTIVE_ARCH = YES;
				SDKROOT = iphoneos;
				SWIFT_ACTIVE_COMPILATION_CONDITIONS = DEBUG;
				SWIFT_OPTIMIZATION_LEVEL = "-Onone";
				TARGETED_DEVICE_FAMILY = "1,2";
			};
			name = Debug;
		};
		9C4A0A6F1EC5D2B10076520B /* Release */ = {
			isa = XCBuildConfiguration;
			buildSettings = {
				ALWAYS_SEARCH_USER_PATHS = NO;
				CLANG_ANALYZER_NONNULL = YES;
				CLANG_CXX_LANGUAGE_STANDARD = "gnu++0x";
				CLANG_CXX_LIBRARY = "libc++";
				CLANG_ENABLE_MODULES = YES;
				CLANG_ENABLE_OBJC_ARC = YES;
				CLANG_WARN_BOOL_CONVERSION = YES;
				CLANG_WARN_CONSTANT_CONVERSION = YES;
				CLANG_WARN_DIRECT_OBJC_ISA_USAGE = YES_ERROR;
				CLANG_WARN_DOCUMENTATION_COMMENTS = YES;
				CLANG_WARN_EMPTY_BODY = YES;
				CLANG_WARN_ENUM_CONVERSION = YES;
				CLANG_WARN_INFINITE_RECURSION = YES;
				CLANG_WARN_INT_CONVERSION = YES;
				CLANG_WARN_OBJC_ROOT_CLASS = YES_ERROR;
				CLANG_WARN_SUSPICIOUS_MOVE = YES;
				CLANG_WARN_UNREACHABLE_CODE = YES;
				CLANG_WARN__DUPLICATE_METHOD_MATCH = YES;
				"CODE_SIGN_IDENTITY[sdk=iphoneos*]" = "iPhone Developer";
				COPY_PHASE_STRIP = NO;
				DEBUG_INFORMATION_FORMAT = "dwarf-with-dsym";
				ENABLE_NS_ASSERTIONS = NO;
				ENABLE_STRICT_OBJC_MSGSEND = YES;
				GCC_C_LANGUAGE_STANDARD = gnu99;
				GCC_NO_COMMON_BLOCKS = YES;
				GCC_WARN_64_TO_32_BIT_CONVERSION = YES;
				GCC_WARN_ABOUT_RETURN_TYPE = YES_ERROR;
				GCC_WARN_UNDECLARED_SELECTOR = YES;
				GCC_WARN_UNINITIALIZED_AUTOS = YES_AGGRESSIVE;
				GCC_WARN_UNUSED_FUNCTION = YES;
				GCC_WARN_UNUSED_VARIABLE = YES;
				IPHONEOS_DEPLOYMENT_TARGET = 10.2;
				MTL_ENABLE_DEBUG_INFO = NO;
				SDKROOT = iphoneos;
				SWIFT_OPTIMIZATION_LEVEL = "-Owholemodule";
				TARGETED_DEVICE_FAMILY = "1,2";
				VALIDATE_PRODUCT = YES;
			};
			name = Release;
		};
		9C4A0A711EC5D2B10076520B /* Debug */ = {
			isa = XCBuildConfiguration;
			baseConfigurationReference = 9FBD8875BDB43FFE24BBFAE7 /* Pods-HereYaGo.debug.xcconfig */;
			buildSettings = {
				ALWAYS_SEARCH_USER_PATHS = NO;
				ASSETCATALOG_COMPILER_APPICON_NAME = AppIcon;
				ASSETCATALOG_COMPILER_LAUNCHIMAGE_NAME = LaunchImage;
				CLANG_ENABLE_MODULES = YES;
				CODE_SIGN_ENTITLEMENTS = HereYaGo/HereYaGo.entitlements;
				"CODE_SIGN_IDENTITY[sdk=iphoneos*]" = "iPhone Developer";
				CODE_SIGN_STYLE = Manual;
				DEVELOPMENT_TEAM = VPP245KMK3;
				ENABLE_BITCODE = NO;
				FRAMEWORK_SEARCH_PATHS = (
					"$(inherited)",
					"$(PROJECT_DIR)",
				);
				INFOPLIST_FILE = HereYaGo/Info.plist;
				IPHONEOS_DEPLOYMENT_TARGET = 9.1;
				LD_RUNPATH_SEARCH_PATHS = "$(inherited) @executable_path/Frameworks";
				PRODUCT_BUNDLE_IDENTIFIER = com.itideology.hereyagoapp;
				PRODUCT_NAME = "$(TARGET_NAME)";
				PROVISIONING_PROFILE = "20c7809f-cfd0-4c13-9b67-44a4d3cd2d1c";
				PROVISIONING_PROFILE_SPECIFIER = hereYaGoDevprovision;
				SWIFT_OBJC_BRIDGING_HEADER = "${PROJECT_DIR}/HereYaGo/HereYaGo-Bridging-Header.h";
				SWIFT_OPTIMIZATION_LEVEL = "-Onone";
				SWIFT_VERSION = 3.0;
				TARGETED_DEVICE_FAMILY = 1;
			};
			name = Debug;
		};
		9C4A0A721EC5D2B10076520B /* Release */ = {
			isa = XCBuildConfiguration;
			baseConfigurationReference = 8CC4F56787D629D717925F39 /* Pods-HereYaGo.release.xcconfig */;
			buildSettings = {
				ALWAYS_SEARCH_USER_PATHS = NO;
				ASSETCATALOG_COMPILER_APPICON_NAME = AppIcon;
				ASSETCATALOG_COMPILER_LAUNCHIMAGE_NAME = LaunchImage;
				CLANG_ENABLE_MODULES = YES;
				CODE_SIGN_ENTITLEMENTS = HereYaGo/HereYaGo.entitlements;
				"CODE_SIGN_IDENTITY[sdk=iphoneos*]" = "iPhone Developer";
				CODE_SIGN_STYLE = Manual;
				DEVELOPMENT_TEAM = VPP245KMK3;
				ENABLE_BITCODE = NO;
				FRAMEWORK_SEARCH_PATHS = (
					"$(inherited)",
					"$(PROJECT_DIR)",
				);
				GCC_OPTIMIZATION_LEVEL = 0;
				INFOPLIST_FILE = HereYaGo/Info.plist;
				IPHONEOS_DEPLOYMENT_TARGET = 9.1;
				LD_RUNPATH_SEARCH_PATHS = "$(inherited) @executable_path/Frameworks";
				PRODUCT_BUNDLE_IDENTIFIER = com.itideology.hereyagoapp;
				PRODUCT_NAME = "$(TARGET_NAME)";
				PROVISIONING_PROFILE = "20c7809f-cfd0-4c13-9b67-44a4d3cd2d1c";
				PROVISIONING_PROFILE_SPECIFIER = hereYaGoDevprovision;
				SWIFT_OBJC_BRIDGING_HEADER = "${PROJECT_DIR}/HereYaGo/HereYaGo-Bridging-Header.h";
				SWIFT_OPTIMIZATION_LEVEL = "-Owholemodule";
				SWIFT_VERSION = 3.0;
				TARGETED_DEVICE_FAMILY = 1;
			};
			name = Release;
		};
/* End XCBuildConfiguration section */

/* Begin XCConfigurationList section */
		9C4A0A561EC5D2B10076520B /* Build configuration list for PBXProject "HereYaGo" */ = {
			isa = XCConfigurationList;
			buildConfigurations = (
				9C4A0A6E1EC5D2B10076520B /* Debug */,
				9C4A0A6F1EC5D2B10076520B /* Release */,
			);
			defaultConfigurationIsVisible = 0;
			defaultConfigurationName = Release;
		};
		9C4A0A701EC5D2B10076520B /* Build configuration list for PBXNativeTarget "HereYaGo" */ = {
			isa = XCConfigurationList;
			buildConfigurations = (
				9C4A0A711EC5D2B10076520B /* Debug */,
				9C4A0A721EC5D2B10076520B /* Release */,
			);
			defaultConfigurationIsVisible = 0;
			defaultConfigurationName = Release;
		};
/* End XCConfigurationList section */

/* Begin XCVersionGroup section */
		9C4A0A651EC5D2B10076520B /* HereYaGo.xcdatamodeld */ = {
			isa = XCVersionGroup;
			children = (
				9C4A0A661EC5D2B10076520B /* HereYaGo.xcdatamodel */,
			);
			currentVersion = 9C4A0A661EC5D2B10076520B /* HereYaGo.xcdatamodel */;
			path = HereYaGo.xcdatamodeld;
			sourceTree = "<group>";
			versionGroupType = wrapper.xcdatamodel;
		};
/* End XCVersionGroup section */
	};
	rootObject = 9C4A0A531EC5D2B10076520B /* Project object */;
}
